// !$*UTF8*$!
{
	archiveVersion = 1;
	classes = {
	};
	objectVersion = 56;
	objects = {

/* Begin PBXBuildFile section */
		1E5E0C992A68D4BD0093DD0D /* PersistenceController.swift in Sources */ = {isa = PBXBuildFile; fileRef = 1E5E0C982A68D4BD0093DD0D /* PersistenceController.swift */; };
		1E86D2122A675242007DBEBB /* GrowingHabitsApp.swift in Sources */ = {isa = PBXBuildFile; fileRef = 1E86D2112A675242007DBEBB /* GrowingHabitsApp.swift */; };
		1E86D2142A675242007DBEBB /* ContentView.swift in Sources */ = {isa = PBXBuildFile; fileRef = 1E86D2132A675242007DBEBB /* ContentView.swift */; };
		1E86D2162A675243007DBEBB /* Assets.xcassets in Resources */ = {isa = PBXBuildFile; fileRef = 1E86D2152A675243007DBEBB /* Assets.xcassets */; };
		1E86D21A2A675243007DBEBB /* Preview Assets.xcassets in Resources */ = {isa = PBXBuildFile; fileRef = 1E86D2192A675243007DBEBB /* Preview Assets.xcassets */; };
		1EAA6B7B2A688D7C00F2A2CB /* GrowingHabitsModel.xcdatamodeld in Sources */ = {isa = PBXBuildFile; fileRef = 1EAA6B792A688D7C00F2A2CB /* GrowingHabitsModel.xcdatamodeld */; };
		1EAA6B8A2A689B4700F2A2CB /* User+CoreDataClass.swift in Sources */ = {isa = PBXBuildFile; fileRef = 1EAA6B862A689B4700F2A2CB /* User+CoreDataClass.swift */; };
		1EAA6B8B2A689B4700F2A2CB /* User+CoreDataProperties.swift in Sources */ = {isa = PBXBuildFile; fileRef = 1EAA6B872A689B4700F2A2CB /* User+CoreDataProperties.swift */; };
		1EAA6B8C2A689B4700F2A2CB /* Plant+CoreDataClass.swift in Sources */ = {isa = PBXBuildFile; fileRef = 1EAA6B882A689B4700F2A2CB /* Plant+CoreDataClass.swift */; };
		1EAA6B8D2A689B4700F2A2CB /* Plant+CoreDataProperties.swift in Sources */ = {isa = PBXBuildFile; fileRef = 1EAA6B892A689B4700F2A2CB /* Plant+CoreDataProperties.swift */; };
		1EAA6B8F2A68C9D300F2A2CB /* PlantDetailView.swift in Sources */ = {isa = PBXBuildFile; fileRef = 1EAA6B8E2A68C9D300F2A2CB /* PlantDetailView.swift */; };
/* End PBXBuildFile section */

/* Begin PBXFileReference section */
		1E5E0C982A68D4BD0093DD0D /* PersistenceController.swift */ = {isa = PBXFileReference; lastKnownFileType = sourcecode.swift; path = PersistenceController.swift; sourceTree = "<group>"; };
		1E86D20E2A675242007DBEBB /* GrowingHabits.app */ = {isa = PBXFileReference; explicitFileType = wrapper.application; includeInIndex = 0; path = GrowingHabits.app; sourceTree = BUILT_PRODUCTS_DIR; };
		1E86D2112A675242007DBEBB /* GrowingHabitsApp.swift */ = {isa = PBXFileReference; lastKnownFileType = sourcecode.swift; path = GrowingHabitsApp.swift; sourceTree = "<group>"; };
		1E86D2132A675242007DBEBB /* ContentView.swift */ = {isa = PBXFileReference; lastKnownFileType = sourcecode.swift; path = ContentView.swift; sourceTree = "<group>"; };
		1E86D2152A675243007DBEBB /* Assets.xcassets */ = {isa = PBXFileReference; lastKnownFileType = folder.assetcatalog; path = Assets.xcassets; sourceTree = "<group>"; };
		1E86D2172A675243007DBEBB /* GrowingHabits.entitlements */ = {isa = PBXFileReference; lastKnownFileType = text.plist.entitlements; path = GrowingHabits.entitlements; sourceTree = "<group>"; };
		1E86D2192A675243007DBEBB /* Preview Assets.xcassets */ = {isa = PBXFileReference; lastKnownFileType = folder.assetcatalog; path = "Preview Assets.xcassets"; sourceTree = "<group>"; };
		1EAA6B7A2A688D7C00F2A2CB /* GrowingHabitsModel.xcdatamodel */ = {isa = PBXFileReference; lastKnownFileType = wrapper.xcdatamodel; path = GrowingHabitsModel.xcdatamodel; sourceTree = "<group>"; };
		1EAA6B862A689B4700F2A2CB /* User+CoreDataClass.swift */ = {isa = PBXFileReference; lastKnownFileType = sourcecode.swift; path = "User+CoreDataClass.swift"; sourceTree = "<group>"; };
		1EAA6B872A689B4700F2A2CB /* User+CoreDataProperties.swift */ = {isa = PBXFileReference; lastKnownFileType = sourcecode.swift; path = "User+CoreDataProperties.swift"; sourceTree = "<group>"; };
		1EAA6B882A689B4700F2A2CB /* Plant+CoreDataClass.swift */ = {isa = PBXFileReference; lastKnownFileType = sourcecode.swift; path = "Plant+CoreDataClass.swift"; sourceTree = "<group>"; };
		1EAA6B892A689B4700F2A2CB /* Plant+CoreDataProperties.swift */ = {isa = PBXFileReference; lastKnownFileType = sourcecode.swift; path = "Plant+CoreDataProperties.swift"; sourceTree = "<group>"; };
		1EAA6B8E2A68C9D300F2A2CB /* PlantDetailView.swift */ = {isa = PBXFileReference; lastKnownFileType = sourcecode.swift; path = PlantDetailView.swift; sourceTree = "<group>"; };
/* End PBXFileReference section */

/* Begin PBXFrameworksBuildPhase section */
		1E86D20B2A675242007DBEBB /* Frameworks */ = {
			isa = PBXFrameworksBuildPhase;
			buildActionMask = 2147483647;
			files = (
			);
			runOnlyForDeploymentPostprocessing = 0;
		};
/* End PBXFrameworksBuildPhase section */

/* Begin PBXGroup section */
		1E86D2052A675242007DBEBB = {
			isa = PBXGroup;
			children = (
				1E86D2102A675242007DBEBB /* GrowingHabits */,
				1E86D20F2A675242007DBEBB /* Products */,
			);
			sourceTree = "<group>";
		};
		1E86D20F2A675242007DBEBB /* Products */ = {
			isa = PBXGroup;
			children = (
				1E86D20E2A675242007DBEBB /* GrowingHabits.app */,
			);
			name = Products;
			sourceTree = "<group>";
		};
		1E86D2102A675242007DBEBB /* GrowingHabits */ = {
			isa = PBXGroup;
			children = (
				1EAA6B862A689B4700F2A2CB /* User+CoreDataClass.swift */,
				1EAA6B872A689B4700F2A2CB /* User+CoreDataProperties.swift */,
				1EAA6B882A689B4700F2A2CB /* Plant+CoreDataClass.swift */,
				1EAA6B892A689B4700F2A2CB /* Plant+CoreDataProperties.swift */,
				1E86D2112A675242007DBEBB /* GrowingHabitsApp.swift */,
				1E86D2132A675242007DBEBB /* ContentView.swift */,
				1EAA6B8E2A68C9D300F2A2CB /* PlantDetailView.swift */,
				1E5E0C982A68D4BD0093DD0D /* PersistenceController.swift */,
				1EAA6B792A688D7C00F2A2CB /* GrowingHabitsModel.xcdatamodeld */,
				1E86D2152A675243007DBEBB /* Assets.xcassets */,
				1E86D2172A675243007DBEBB /* GrowingHabits.entitlements */,
				1E86D2182A675243007DBEBB /* Preview Content */,
			);
			path = GrowingHabits;
			sourceTree = "<group>";
		};
		1E86D2182A675243007DBEBB /* Preview Content */ = {
			isa = PBXGroup;
			children = (
				1E86D2192A675243007DBEBB /* Preview Assets.xcassets */,
			);
			path = "Preview Content";
			sourceTree = "<group>";
		};
/* End PBXGroup section */

/* Begin PBXNativeTarget section */
		1E86D20D2A675242007DBEBB /* GrowingHabits */ = {
			isa = PBXNativeTarget;
			buildConfigurationList = 1E86D21D2A675243007DBEBB /* Build configuration list for PBXNativeTarget "GrowingHabits" */;
			buildPhases = (
				1E86D20A2A675242007DBEBB /* Sources */,
				1E86D20B2A675242007DBEBB /* Frameworks */,
				1E86D20C2A675242007DBEBB /* Resources */,
			);
			buildRules = (
			);
			dependencies = (
			);
			name = GrowingHabits;
			productName = GrowingHabits;
			productReference = 1E86D20E2A675242007DBEBB /* GrowingHabits.app */;
			productType = "com.apple.product-type.application";
		};
/* End PBXNativeTarget section */

/* Begin PBXProject section */
		1E86D2062A675242007DBEBB /* Project object */ = {
			isa = PBXProject;
			attributes = {
				BuildIndependentTargetsInParallel = 1;
				LastSwiftUpdateCheck = 1430;
				LastUpgradeCheck = 1430;
				TargetAttributes = {
					1E86D20D2A675242007DBEBB = {
						CreatedOnToolsVersion = 14.3.1;
					};
				};
			};
			buildConfigurationList = 1E86D2092A675242007DBEBB /* Build configuration list for PBXProject "GrowingHabits" */;
			compatibilityVersion = "Xcode 14.0";
			developmentRegion = en;
			hasScannedForEncodings = 0;
			knownRegions = (
				en,
				Base,
			);
			mainGroup = 1E86D2052A675242007DBEBB;
			productRefGroup = 1E86D20F2A675242007DBEBB /* Products */;
			projectDirPath = "";
			projectRoot = "";
			targets = (
				1E86D20D2A675242007DBEBB /* GrowingHabits */,
			);
		};
/* End PBXProject section */

/* Begin PBXResourcesBuildPhase section */
		1E86D20C2A675242007DBEBB /* Resources */ = {
			isa = PBXResourcesBuildPhase;
			buildActionMask = 2147483647;
			files = (
				1E86D21A2A675243007DBEBB /* Preview Assets.xcassets in Resources */,
				1E86D2162A675243007DBEBB /* Assets.xcassets in Resources */,
			);
			runOnlyForDeploymentPostprocessing = 0;
		};
/* End PBXResourcesBuildPhase section */

/* Begin PBXSourcesBuildPhase section */
		1E86D20A2A675242007DBEBB /* Sources */ = {
			isa = PBXSourcesBuildPhase;
			buildActionMask = 2147483647;
			files = (
				1E5E0C992A68D4BD0093DD0D /* PersistenceController.swift in Sources */,
				1EAA6B7B2A688D7C00F2A2CB /* GrowingHabitsModel.xcdatamodeld in Sources */,
				1EAA6B8C2A689B4700F2A2CB /* Plant+CoreDataClass.swift in Sources */,
				1E86D2142A675242007DBEBB /* ContentView.swift in Sources */,
				1EAA6B8A2A689B4700F2A2CB /* User+CoreDataClass.swift in Sources */,
				1EAA6B8B2A689B4700F2A2CB /* User+CoreDataProperties.swift in Sources */,
				1EAA6B8F2A68C9D300F2A2CB /* PlantDetailView.swift in Sources */,
				1E86D2122A675242007DBEBB /* GrowingHabitsApp.swift in Sources */,
				1EAA6B8D2A689B4700F2A2CB /* Plant+CoreDataProperties.swift in Sources */,
			);
			runOnlyForDeploymentPostprocessing = 0;
		};
/* End PBXSourcesBuildPhase section */

/* Begin XCBuildConfiguration section */
		1E86D21B2A675243007DBEBB /* Debug */ = {
			isa = XCBuildConfiguration;
			buildSettings = {
				ALWAYS_SEARCH_USER_PATHS = NO;
				CLANG_ANALYZER_NONNULL = YES;
				CLANG_ANALYZER_NUMBER_OBJECT_CONVERSION = YES_AGGRESSIVE;
				CLANG_CXX_LANGUAGE_STANDARD = "gnu++20";
				CLANG_ENABLE_MODULES = YES;
				CLANG_ENABLE_OBJC_ARC = YES;
				CLANG_ENABLE_OBJC_WEAK = YES;
				CLANG_WARN_BLOCK_CAPTURE_AUTORELEASING = YES;
				CLANG_WARN_BOOL_CONVERSION = YES;
				CLANG_WARN_COMMA = YES;
				CLANG_WARN_CONSTANT_CONVERSION = YES;
				CLANG_WARN_DEPRECATED_OBJC_IMPLEMENTATIONS = YES;
				CLANG_WARN_DIRECT_OBJC_ISA_USAGE = YES_ERROR;
				CLANG_WARN_DOCUMENTATION_COMMENTS = YES;
				CLANG_WARN_EMPTY_BODY = YES;
				CLANG_WARN_ENUM_CONVERSION = YES;
				CLANG_WARN_INFINITE_RECURSION = YES;
				CLANG_WARN_INT_CONVERSION = YES;
				CLANG_WARN_NON_LITERAL_NULL_CONVERSION = YES;
				CLANG_WARN_OBJC_IMPLICIT_RETAIN_SELF = YES;
				CLANG_WARN_OBJC_LITERAL_CONVERSION = YES;
				CLANG_WARN_OBJC_ROOT_CLASS = YES_ERROR;
				CLANG_WARN_QUOTED_INCLUDE_IN_FRAMEWORK_HEADER = YES;
				CLANG_WARN_RANGE_LOOP_ANALYSIS = YES;
				CLANG_WARN_STRICT_PROTOTYPES = YES;
				CLANG_WARN_SUSPICIOUS_MOVE = YES;
				CLANG_WARN_UNGUARDED_AVAILABILITY = YES_AGGRESSIVE;
				CLANG_WARN_UNREACHABLE_CODE = YES;
				CLANG_WARN__DUPLICATE_METHOD_MATCH = YES;
				COPY_PHASE_STRIP = NO;
				DEBUG_INFORMATION_FORMAT = dwarf;
				ENABLE_STRICT_OBJC_MSGSEND = YES;
				ENABLE_TESTABILITY = YES;
				GCC_C_LANGUAGE_STANDARD = gnu11;
				GCC_DYNAMIC_NO_PIC = NO;
				GCC_NO_COMMON_BLOCKS = YES;
				GCC_OPTIMIZATION_LEVEL = 0;
				GCC_PREPROCESSOR_DEFINITIONS = (
					"DEBUG=1",
					"$(inherited)",
				);
				GCC_WARN_64_TO_32_BIT_CONVERSION = YES;
				GCC_WARN_ABOUT_RETURN_TYPE = YES_ERROR;
				GCC_WARN_UNDECLARED_SELECTOR = YES;
				GCC_WARN_UNINITIALIZED_AUTOS = YES_AGGRESSIVE;
				GCC_WARN_UNUSED_FUNCTION = YES;
				GCC_WARN_UNUSED_VARIABLE = YES;
				MTL_ENABLE_DEBUG_INFO = INCLUDE_SOURCE;
				MTL_FAST_MATH = YES;
				ONLY_ACTIVE_ARCH = YES;
				SWIFT_ACTIVE_COMPILATION_CONDITIONS = DEBUG;
				SWIFT_OPTIMIZATION_LEVEL = "-Onone";
			};
			name = Debug;
		};
		1E86D21C2A675243007DBEBB /* Release */ = {
			isa = XCBuildConfiguration;
			buildSettings = {
				ALWAYS_SEARCH_USER_PATHS = NO;
				CLANG_ANALYZER_NONNULL = YES;
				CLANG_ANALYZER_NUMBER_OBJECT_CONVERSION = YES_AGGRESSIVE;
				CLANG_CXX_LANGUAGE_STANDARD = "gnu++20";
				CLANG_ENABLE_MODULES = YES;
				CLANG_ENABLE_OBJC_ARC = YES;
				CLANG_ENABLE_OBJC_WEAK = YES;
				CLANG_WARN_BLOCK_CAPTURE_AUTORELEASING = YES;
				CLANG_WARN_BOOL_CONVERSION = YES;
				CLANG_WARN_COMMA = YES;
				CLANG_WARN_CONSTANT_CONVERSION = YES;
				CLANG_WARN_DEPRECATED_OBJC_IMPLEMENTATIONS = YES;
				CLANG_WARN_DIRECT_OBJC_ISA_USAGE = YES_ERROR;
				CLANG_WARN_DOCUMENTATION_COMMENTS = YES;
				CLANG_WARN_EMPTY_BODY = YES;
				CLANG_WARN_ENUM_CONVERSION = YES;
				CLANG_WARN_INFINITE_RECURSION = YES;
				CLANG_WARN_INT_CONVERSION = YES;
				CLANG_WARN_NON_LITERAL_NULL_CONVERSION = YES;
				CLANG_WARN_OBJC_IMPLICIT_RETAIN_SELF = YES;
				CLANG_WARN_OBJC_LITERAL_CONVERSION = YES;
				CLANG_WARN_OBJC_ROOT_CLASS = YES_ERROR;
				CLANG_WARN_QUOTED_INCLUDE_IN_FRAMEWORK_HEADER = YES;
				CLANG_WARN_RANGE_LOOP_ANALYSIS = YES;
				CLANG_WARN_STRICT_PROTOTYPES = YES;
				CLANG_WARN_SUSPICIOUS_MOVE = YES;
				CLANG_WARN_UNGUARDED_AVAILABILITY = YES_AGGRESSIVE;
				CLANG_WARN_UNREACHABLE_CODE = YES;
				CLANG_WARN__DUPLICATE_METHOD_MATCH = YES;
				COPY_PHASE_STRIP = NO;
				DEBUG_INFORMATION_FORMAT = "dwarf-with-dsym";
				ENABLE_NS_ASSERTIONS = NO;
				ENABLE_STRICT_OBJC_MSGSEND = YES;
				GCC_C_LANGUAGE_STANDARD = gnu11;
				GCC_NO_COMMON_BLOCKS = YES;
				GCC_WARN_64_TO_32_BIT_CONVERSION = YES;
				GCC_WARN_ABOUT_RETURN_TYPE = YES_ERROR;
				GCC_WARN_UNDECLARED_SELECTOR = YES;
				GCC_WARN_UNINITIALIZED_AUTOS = YES_AGGRESSIVE;
				GCC_WARN_UNUSED_FUNCTION = YES;
				GCC_WARN_UNUSED_VARIABLE = YES;
				MTL_ENABLE_DEBUG_INFO = NO;
				MTL_FAST_MATH = YES;
				SWIFT_COMPILATION_MODE = wholemodule;
				SWIFT_OPTIMIZATION_LEVEL = "-O";
			};
			name = Release;
		};
		1E86D21E2A675243007DBEBB /* Debug */ = {
			isa = XCBuildConfiguration;
			buildSettings = {
				ASSETCATALOG_COMPILER_APPICON_NAME = AppIcon;
				ASSETCATALOG_COMPILER_GLOBAL_ACCENT_COLOR_NAME = AccentColor;
				CODE_SIGN_ENTITLEMENTS = GrowingHabits/GrowingHabits.entitlements;
				CODE_SIGN_STYLE = Automatic;
				CURRENT_PROJECT_VERSION = 1;
				DEVELOPMENT_ASSET_PATHS = "\"GrowingHabits/Preview Content\"";
				DEVELOPMENT_TEAM = VCZ9KBCD6H;
				ENABLE_HARDENED_RUNTIME = YES;
				ENABLE_PREVIEWS = YES;
				GENERATE_INFOPLIST_FILE = YES;
				"INFOPLIST_KEY_UIApplicationSceneManifest_Generation[sdk=iphoneos*]" = YES;
				"INFOPLIST_KEY_UIApplicationSceneManifest_Generation[sdk=iphonesimulator*]" = YES;
				"INFOPLIST_KEY_UIApplicationSupportsIndirectInputEvents[sdk=iphoneos*]" = YES;
				"INFOPLIST_KEY_UIApplicationSupportsIndirectInputEvents[sdk=iphonesimulator*]" = YES;
				"INFOPLIST_KEY_UILaunchScreen_Generation[sdk=iphoneos*]" = YES;
				"INFOPLIST_KEY_UILaunchScreen_Generation[sdk=iphonesimulator*]" = YES;
				"INFOPLIST_KEY_UIStatusBarStyle[sdk=iphoneos*]" = UIStatusBarStyleDefault;
				"INFOPLIST_KEY_UIStatusBarStyle[sdk=iphonesimulator*]" = UIStatusBarStyleDefault;
				INFOPLIST_KEY_UISupportedInterfaceOrientations_iPad = "UIInterfaceOrientationPortrait UIInterfaceOrientationPortraitUpsideDown UIInterfaceOrientationLandscapeLeft UIInterfaceOrientationLandscapeRight";
				INFOPLIST_KEY_UISupportedInterfaceOrientations_iPhone = "UIInterfaceOrientationPortrait UIInterfaceOrientationLandscapeLeft UIInterfaceOrientationLandscapeRight";
				IPHONEOS_DEPLOYMENT_TARGET = 16.4;
				LD_RUNPATH_SEARCH_PATHS = "@executable_path/Frameworks";
				"LD_RUNPATH_SEARCH_PATHS[sdk=macosx*]" = "@executable_path/../Frameworks";
				MACOSX_DEPLOYMENT_TARGET = 13.3;
				MARKETING_VERSION = 1.0;
				PRODUCT_BUNDLE_IDENTIFIER = "Vivien-Quach.GrowingHabits";
				PRODUCT_NAME = "$(TARGET_NAME)";
				SDKROOT = auto;
				SUPPORTED_PLATFORMS = "iphoneos iphonesimulator macosx";
				SWIFT_EMIT_LOC_STRINGS = YES;
				SWIFT_VERSION = 5.0;
				TARGETED_DEVICE_FAMILY = "1,2";
			};
			name = Debug;
		};
		1E86D21F2A675243007DBEBB /* Release */ = {
			isa = XCBuildConfiguration;
			buildSettings = {
				ASSETCATALOG_COMPILER_APPICON_NAME = AppIcon;
				ASSETCATALOG_COMPILER_GLOBAL_ACCENT_COLOR_NAME = AccentColor;
				CODE_SIGN_ENTITLEMENTS = GrowingHabits/GrowingHabits.entitlements;
				CODE_SIGN_STYLE = Automatic;
				CURRENT_PROJECT_VERSION = 1;
				DEVELOPMENT_ASSET_PATHS = "\"GrowingHabits/Preview Content\"";
				DEVELOPMENT_TEAM = VCZ9KBCD6H;
				ENABLE_HARDENED_RUNTIME = YES;
				ENABLE_PREVIEWS = YES;
				GENERATE_INFOPLIST_FILE = YES;
				"INFOPLIST_KEY_UIApplicationSceneManifest_Generation[sdk=iphoneos*]" = YES;
				"INFOPLIST_KEY_UIApplicationSceneManifest_Generation[sdk=iphonesimulator*]" = YES;
				"INFOPLIST_KEY_UIApplicationSupportsIndirectInputEvents[sdk=iphoneos*]" = YES;
				"INFOPLIST_KEY_UIApplicationSupportsIndirectInputEvents[sdk=iphonesimulator*]" = YES;
				"INFOPLIST_KEY_UILaunchScreen_Generation[sdk=iphoneos*]" = YES;
				"INFOPLIST_KEY_UILaunchScreen_Generation[sdk=iphonesimulator*]" = YES;
				"INFOPLIST_KEY_UIStatusBarStyle[sdk=iphoneos*]" = UIStatusBarStyleDefault;
				"INFOPLIST_KEY_UIStatusBarStyle[sdk=iphonesimulator*]" = UIStatusBarStyleDefault;
				INFOPLIST_KEY_UISupportedInterfaceOrientations_iPad = "UIInterfaceOrientationPortrait UIInterfaceOrientationPortraitUpsideDown UIInterfaceOrientationLandscapeLeft UIInterfaceOrientationLandscapeRight";
				INFOPLIST_KEY_UISupportedInterfaceOrientations_iPhone = "UIInterfaceOrientationPortrait UIInterfaceOrientationLandscapeLeft UIInterfaceOrientationLandscapeRight";
				IPHONEOS_DEPLOYMENT_TARGET = 16.4;
				LD_RUNPATH_SEARCH_PATHS = "@executable_path/Frameworks";
				"LD_RUNPATH_SEARCH_PATHS[sdk=macosx*]" = "@executable_path/../Frameworks";
				MACOSX_DEPLOYMENT_TARGET = 13.3;
				MARKETING_VERSION = 1.0;
				PRODUCT_BUNDLE_IDENTIFIER = "Vivien-Quach.GrowingHabits";
				PRODUCT_NAME = "$(TARGET_NAME)";
				SDKROOT = auto;
				SUPPORTED_PLATFORMS = "iphoneos iphonesimulator macosx";
				SWIFT_EMIT_LOC_STRINGS = YES;
				SWIFT_VERSION = 5.0;
				TARGETED_DEVICE_FAMILY = "1,2";
			};
			name = Release;
		};
/* End XCBuildConfiguration section */

/* Begin XCConfigurationList section */
		1E86D2092A675242007DBEBB /* Build configuration list for PBXProject "GrowingHabits" */ = {
			isa = XCConfigurationList;
			buildConfigurations = (
				1E86D21B2A675243007DBEBB /* Debug */,
				1E86D21C2A675243007DBEBB /* Release */,
			);
			defaultConfigurationIsVisible = 0;
			defaultConfigurationName = Release;
		};
		1E86D21D2A675243007DBEBB /* Build configuration list for PBXNativeTarget "GrowingHabits" */ = {
			isa = XCConfigurationList;
			buildConfigurations = (
				1E86D21E2A675243007DBEBB /* Debug */,
				1E86D21F2A675243007DBEBB /* Release */,
			);
			defaultConfigurationIsVisible = 0;
			defaultConfigurationName = Release;
		};
/* End XCConfigurationList section */

/* Begin XCVersionGroup section */
		1EAA6B792A688D7C00F2A2CB /* GrowingHabitsModel.xcdatamodeld */ = {
			isa = XCVersionGroup;
			children = (
				1EAA6B7A2A688D7C00F2A2CB /* GrowingHabitsModel.xcdatamodel */,
			);
			currentVersion = 1EAA6B7A2A688D7C00F2A2CB /* GrowingHabitsModel.xcdatamodel */;
			path = GrowingHabitsModel.xcdatamodeld;
			sourceTree = "<group>";
			versionGroupType = wrapper.xcdatamodel;
		};
/* End XCVersionGroup section */
	};
	rootObject = 1E86D2062A675242007DBEBB /* Project object */;
}
